
Microsoft Visual Studio Solution File, Format Version 12.00
# Visual Studio Version 16
VisualStudioVersion = 16.0.30804.86
MinimumVisualStudioVersion = 10.0.40219.1
Project("{FAE04EC0-301F-11D3-BF4B-00C04F79EFBC}") = "WowMythicScanner", "WowMythicScanner\WowMythicScanner.csproj", "{A30DD94D-64C2-4471-BBAF-0161D7F73944}"
EndProject
Global
	GlobalSection(SolutionConfigurationPlatforms) = preSolution
		Debug|Any CPU = Debug|Any CPU
		Release|Any CPU = Release|Any CPU
	EndGlobalSection
	GlobalSection(ProjectConfigurationPlatforms) = postSolution
		{A30DD94D-64C2-4471-BBAF-0161D7F73944}.Debug|Any CPU.ActiveCfg = Debug|Any CPU
		{A30DD94D-64C2-4471-BBAF-0161D7F73944}.Debug|Any CPU.Build.0 = Debug|Any CPU
		{A30DD94D-64C2-4471-BBAF-0161D7F73944}.Release|Any CPU.ActiveCfg = Release|Any CPU
		{A30DD94D-64C2-4471-BBAF-0161D7F73944}.Release|Any CPU.Build.0 = Release|Any CPU
	EndGlobalSection
	GlobalSection(SolutionProperties) = preSolution
		HideSolutionNode = FALSE
	EndGlobalSection
	GlobalSection(ExtensibilityGlobals) = postSolution
		SolutionGuid = {6F1B7400-2EFD-4A31-BFBD-DC53BF5DA5B3}
	EndGlobalSection
EndGlobal
